
Microsoft Visual Studio Solution File, Format Version 12.00
Project("{FAE04EC0-301F-11D3-BF4B-00C04F79EFBC}") = "Emby.Plugin.Danmu", "Emby.Plugin.Danmu\Emby.Plugin.Danmu.csproj", "{4C666B47-64FE-429A-8935-2B5F66F64499}"
EndProject
Project("{FAE04EC0-301F-11D3-BF4B-00C04F79EFBC}") = "Emby.Plugin.Danmu.Tests", "Emby.Plugin.Danmu.Tests\Emby.Plugin.Danmu.Tests.csproj", "{0B54B672-32EA-4DD0-A7C0-A2B067B6A4E5}"
EndProject
Global
	GlobalSection(SolutionConfigurationPlatforms) = preSolution
		Debug|Any CPU = Debug|Any CPU
		Release|Any CPU = Release|Any CPU
	EndGlobalSection
	GlobalSection(ProjectConfigurationPlatforms) = postSolution
		{4C666B47-64FE-429A-8935-2B5F66F64499}.Debug|Any CPU.ActiveCfg = Debug|Any CPU
		{4C666B47-64FE-429A-8935-2B5F66F64499}.Debug|Any CPU.Build.0 = Debug|Any CPU
		{4C666B47-64FE-429A-8935-2B5F66F64499}.Release|Any CPU.ActiveCfg = Release|Any CPU
		{4C666B47-64FE-429A-8935-2B5F66F64499}.Release|Any CPU.Build.0 = Release|Any CPU
		{0B54B672-32EA-4DD0-A7C0-A2B067B6A4E5}.Debug|Any CPU.ActiveCfg = Debug|Any CPU
		{0B54B672-32EA-4DD0-A7C0-A2B067B6A4E5}.Debug|Any CPU.Build.0 = Debug|Any CPU
		{0B54B672-32EA-4DD0-A7C0-A2B067B6A4E5}.Release|Any CPU.ActiveCfg = Release|Any CPU
		{0B54B672-32EA-4DD0-A7C0-A2B067B6A4E5}.Release|Any CPU.Build.0 = Release|Any CPU
	EndGlobalSection
EndGlobal
